
Microsoft Visual Studio Solution File, Format Version 12.00
# Visual Studio Version 17
VisualStudioVersion = 17.5.33414.496
MinimumVisualStudioVersion = 10.0.40219.1
Project("{FAE04EC0-301F-11D3-BF4B-00C04F79EFBC}") = "AcademiaAtos_ConteudoAula", "AcademiaAtos_ConteudoAula.csproj", "{D4DD951F-8B8B-4CD6-B510-4BD4A7F02A15}"
EndProject
Global
	GlobalSection(SolutionConfigurationPlatforms) = preSolution
		Debug|Any CPU = Debug|Any CPU
		Release|Any CPU = Release|Any CPU
	EndGlobalSection
	GlobalSection(ProjectConfigurationPlatforms) = postSolution
		{D4DD951F-8B8B-4CD6-B510-4BD4A7F02A15}.Debug|Any CPU.ActiveCfg = Debug|Any CPU
		{D4DD951F-8B8B-4CD6-B510-4BD4A7F02A15}.Debug|Any CPU.Build.0 = Debug|Any CPU
		{D4DD951F-8B8B-4CD6-B510-4BD4A7F02A15}.Release|Any CPU.ActiveCfg = Release|Any CPU
		{D4DD951F-8B8B-4CD6-B510-4BD4A7F02A15}.Release|Any CPU.Build.0 = Release|Any CPU
	EndGlobalSection
	GlobalSection(SolutionProperties) = preSolution
		HideSolutionNode = FALSE
	EndGlobalSection
	GlobalSection(ExtensibilityGlobals) = postSolution
		SolutionGuid = {4B46CDD5-73CF-4141-8984-CDD49D42497D}
	EndGlobalSection
EndGlobal
